
Microsoft Visual Studio Solution File, Format Version 12.00
# Visual Studio Version 17
VisualStudioVersion = 17.14.36616.10
MinimumVisualStudioVersion = 10.0.40219.1
Project("{8BC9CEB8-8B4A-11D0-8D11-00A0C91BC942}") = "RT_Lab1", "RT_Lab1\RT_Lab1.vcxproj", "{6F8093DD-46E9-4BBA-B850-C9CC56848AAA}"
EndProject
Project("{8BC9CEB8-8B4A-11D0-8D11-00A0C91BC942}") = "RT_Lab2", "RT_Lab2\RT_Lab2.vcxproj", "{B4D55C67-2EB8-4B34-9FC5-1C2B8138BA5E}"
EndProject
Project("{8BC9CEB8-8B4A-11D0-8D11-00A0C91BC942}") = "RT_Lab3", "RT_Lab3\RT_Lab3.vcxproj", "{7124274A-7BBD-484C-B4FC-5E9FF4E2DC84}"
EndProject
Project("{8BC9CEB8-8B4A-11D0-8D11-00A0C91BC942}") = "RT_Lab4", "RT_Lab4\RT_Lab4.vcxproj", "{5C97FBD8-298C-4796-BF65-385F38419268}"
EndProject
Project("{8BC9CEB8-8B4A-11D0-8D11-00A0C91BC942}") = "RT_Lab5", "RT_Lab5\RT_Lab5.vcxproj", "{9B340BD0-3487-4F3A-9671-F32CDE2CA9F4}"
EndProject
Global
	GlobalSection(SolutionConfigurationPlatforms) = preSolution
		Debug|x64 = Debug|x64
		Debug|x86 = Debug|x86
		Release|x64 = Release|x64
		Release|x86 = Release|x86
	EndGlobalSection
	GlobalSection(ProjectConfigurationPlatforms) = postSolution
		{6F8093DD-46E9-4BBA-B850-C9CC56848AAA}.Debug|x64.ActiveCfg = Debug|x64
		{6F8093DD-46E9-4BBA-B850-C9CC56848AAA}.Debug|x64.Build.0 = Debug|x64
		{6F8093DD-46E9-4BBA-B850-C9CC56848AAA}.Debug|x86.ActiveCfg = Debug|Win32
		{6F8093DD-46E9-4BBA-B850-C9CC56848AAA}.Debug|x86.Build.0 = Debug|Win32
		{6F8093DD-46E9-4BBA-B850-C9CC56848AAA}.Release|x64.ActiveCfg = Release|x64
		{6F8093DD-46E9-4BBA-B850-C9CC56848AAA}.Release|x64.Build.0 = Release|x64
		{6F8093DD-46E9-4BBA-B850-C9CC56848AAA}.Release|x86.ActiveCfg = Release|Win32
		{6F8093DD-46E9-4BBA-B850-C9CC56848AAA}.Release|x86.Build.0 = Release|Win32
		{B4D55C67-2EB8-4B34-9FC5-1C2B8138BA5E}.Debug|x64.ActiveCfg = Debug|x64
		{B4D55C67-2EB8-4B34-9FC5-1C2B8138BA5E}.Debug|x64.Build.0 = Debug|x64
		{B4D55C67-2EB8-4B34-9FC5-1C2B8138BA5E}.Debug|x86.ActiveCfg = Debug|Win32
		{B4D55C67-2EB8-4B34-9FC5-1C2B8138BA5E}.Debug|x86.Build.0 = Debug|Win32
		{B4D55C67-2EB8-4B34-9FC5-1C2B8138BA5E}.Release|x64.ActiveCfg = Release|x64
		{B4D55C67-2EB8-4B34-9FC5-1C2B8138BA5E}.Release|x64.Build.0 = Release|x64
		{B4D55C67-2EB8-4B34-9FC5-1C2B8138BA5E}.Release|x86.ActiveCfg = Release|Win32
		{B4D55C67-2EB8-4B34-9FC5-1C2B8138BA5E}.Release|x86.Build.0 = Release|Win32
		{7124274A-7BBD-484C-B4FC-5E9FF4E2DC84}.Debug|x64.ActiveCfg = Debug|x64
		{7124274A-7BBD-484C-B4FC-5E9FF4E2DC84}.Debug|x64.Build.0 = Debug|x64
		{7124274A-7BBD-484C-B4FC-5E9FF4E2DC84}.Debug|x86.ActiveCfg = Debug|Win32
		{7124274A-7BBD-484C-B4FC-5E9FF4E2DC84}.Debug|x86.Build.0 = Debug|Win32
		{7124274A-7BBD-484C-B4FC-5E9FF4E2DC84}.Release|x64.ActiveCfg = Release|x64
		{7124274A-7BBD-484C-B4FC-5E9FF4E2DC84}.Release|x64.Build.0 = Release|x64
		{7124274A-7BBD-484C-B4FC-5E9FF4E2DC84}.Release|x86.ActiveCfg = Release|Win32
		{7124274A-7BBD-484C-B4FC-5E9FF4E2DC84}.Release|x86.Build.0 = Release|Win32
		{5C97FBD8-298C-4796-BF65-385F38419268}.Debug|x64.ActiveCfg = Debug|x64
		{5C97FBD8-298C-4796-BF65-385F38419268}.Debug|x64.Build.0 = Debug|x64
		{5C97FBD8-298C-4796-BF65-385F38419268}.Debug|x86.ActiveCfg = Debug|Win32
		{5C97FBD8-298C-4796-BF65-385F38419268}.Debug|x86.Build.0 = Debug|Win32
		{5C97FBD8-298C-4796-BF65-385F38419268}.Release|x64.ActiveCfg = Release|x64
		{5C97FBD8-298C-4796-BF65-385F38419268}.Release|x64.Build.0 = Release|x64
		{5C97FBD8-298C-4796-BF65-385F38419268}.Release|x86.ActiveCfg = Release|Win32
		{5C97FBD8-298C-4796-BF65-385F38419268}.Release|x86.Build.0 = Release|Win32
		{9B340BD0-3487-4F3A-9671-F32CDE2CA9F4}.Debug|x64.ActiveCfg = Debug|x64
		{9B340BD0-3487-4F3A-9671-F32CDE2CA9F4}.Debug|x64.Build.0 = Debug|x64
		{9B340BD0-3487-4F3A-9671-F32CDE2CA9F4}.Debug|x86.ActiveCfg = Debug|Win32
		{9B340BD0-3487-4F3A-9671-F32CDE2CA9F4}.Debug|x86.Build.0 = Debug|Win32
		{9B340BD0-3487-4F3A-9671-F32CDE2CA9F4}.Release|x64.ActiveCfg = Release|x64
		{9B340BD0-3487-4F3A-9671-F32CDE2CA9F4}.Release|x64.Build.0 = Release|x64
		{9B340BD0-3487-4F3A-9671-F32CDE2CA9F4}.Release|x86.ActiveCfg = Release|Win32
		{9B340BD0-3487-4F3A-9671-F32CDE2CA9F4}.Release|x86.Build.0 = Release|Win32
	EndGlobalSection
	GlobalSection(SolutionProperties) = preSolution
		HideSolutionNode = FALSE
	EndGlobalSection
	GlobalSection(ExtensibilityGlobals) = postSolution
		SolutionGuid = {6B7A7426-069E-469D-A8FD-E3A413EA08D4}
	EndGlobalSection
EndGlobal
